
Microsoft Visual Studio Solution File, Format Version 12.00
# Visual Studio Version 16
VisualStudioVersion = 16.0.33423.256
MinimumVisualStudioVersion = 10.0.40219.1
Project("{FAE04EC0-301F-11D3-BF4B-00C04F79EFBC}") = "takvimUygulaması", "takvimUygulaması\takvimUygulaması.csproj", "{8FB98259-84AC-46C3-942E-22426976A58A}"
EndProject
Global
	GlobalSection(SolutionConfigurationPlatforms) = preSolution
		Debug|Any CPU = Debug|Any CPU
		Release|Any CPU = Release|Any CPU
	EndGlobalSection
	GlobalSection(ProjectConfigurationPlatforms) = postSolution
		{8FB98259-84AC-46C3-942E-22426976A58A}.Debug|Any CPU.ActiveCfg = Debug|Any CPU
		{8FB98259-84AC-46C3-942E-22426976A58A}.Debug|Any CPU.Build.0 = Debug|Any CPU
		{8FB98259-84AC-46C3-942E-22426976A58A}.Release|Any CPU.ActiveCfg = Release|Any CPU
		{8FB98259-84AC-46C3-942E-22426976A58A}.Release|Any CPU.Build.0 = Release|Any CPU
	EndGlobalSection
	GlobalSection(SolutionProperties) = preSolution
		HideSolutionNode = FALSE
	EndGlobalSection
	GlobalSection(ExtensibilityGlobals) = postSolution
		SolutionGuid = {8E2EB835-F9BF-4E87-BAA1-B4A3BE84E78B}
	EndGlobalSection
EndGlobal
